
Microsoft Visual Studio Solution File, Format Version 12.00
# Visual Studio Version 16
VisualStudioVersion = 25.0.1705.2
MinimumVisualStudioVersion = 10.0.40219.1
Project("{FAE04EC0-301F-11D3-BF4B-00C04F79EFBC}") = "API Project 1", "API Project 1.csproj", "{D1DBD531-544C-4DE6-B68E-2DF4FD5E39FE}"
EndProject
Global
	GlobalSection(SolutionConfigurationPlatforms) = preSolution
		Debug|Any CPU = Debug|Any CPU
		Release|Any CPU = Release|Any CPU
	EndGlobalSection
	GlobalSection(ProjectConfigurationPlatforms) = postSolution
		{D1DBD531-544C-4DE6-B68E-2DF4FD5E39FE}.Debug|Any CPU.ActiveCfg = Debug|Any CPU
		{D1DBD531-544C-4DE6-B68E-2DF4FD5E39FE}.Debug|Any CPU.Build.0 = Debug|Any CPU
		{D1DBD531-544C-4DE6-B68E-2DF4FD5E39FE}.Release|Any CPU.ActiveCfg = Release|Any CPU
		{D1DBD531-544C-4DE6-B68E-2DF4FD5E39FE}.Release|Any CPU.Build.0 = Release|Any CPU
	EndGlobalSection
	GlobalSection(SolutionProperties) = preSolution
		HideSolutionNode = FALSE
	EndGlobalSection
	GlobalSection(ExtensibilityGlobals) = postSolution
		SolutionGuid = {AC55575D-A801-4E73-9E1D-8E99D8290C3F}
	EndGlobalSection
EndGlobal
